
Microsoft Visual Studio Solution File, Format Version 12.00
# Visual Studio Version 16
VisualStudioVersion = 16.0.31112.23
MinimumVisualStudioVersion = 10.0.40219.1
Project("{9A19103F-16F7-4668-BE54-9A1E7A4F7556}") = "Lms.API", "Lms.API\Lms.API.csproj", "{1AC9C8ED-4601-438B-992B-8E552AE66853}"
EndProject
Project("{9A19103F-16F7-4668-BE54-9A1E7A4F7556}") = "Lms.Core", "Lms.Core\Lms.Core.csproj", "{827417C5-B84E-4474-B070-46A7D7886830}"
EndProject
Project("{FAE04EC0-301F-11D3-BF4B-00C04F79EFBC}") = "Lms.Data", "Lms.Data\Lms.Data.csproj", "{09E041D0-E1BC-467F-B6EF-21DF4C3399AA}"
EndProject
Global
	GlobalSection(SolutionConfigurationPlatforms) = preSolution
		Debug|Any CPU = Debug|Any CPU
		Release|Any CPU = Release|Any CPU
	EndGlobalSection
	GlobalSection(ProjectConfigurationPlatforms) = postSolution
		{1AC9C8ED-4601-438B-992B-8E552AE66853}.Debug|Any CPU.ActiveCfg = Debug|Any CPU
		{1AC9C8ED-4601-438B-992B-8E552AE66853}.Debug|Any CPU.Build.0 = Debug|Any CPU
		{1AC9C8ED-4601-438B-992B-8E552AE66853}.Release|Any CPU.ActiveCfg = Release|Any CPU
		{1AC9C8ED-4601-438B-992B-8E552AE66853}.Release|Any CPU.Build.0 = Release|Any CPU
		{827417C5-B84E-4474-B070-46A7D7886830}.Debug|Any CPU.ActiveCfg = Debug|Any CPU
		{827417C5-B84E-4474-B070-46A7D7886830}.Debug|Any CPU.Build.0 = Debug|Any CPU
		{827417C5-B84E-4474-B070-46A7D7886830}.Release|Any CPU.ActiveCfg = Release|Any CPU
		{827417C5-B84E-4474-B070-46A7D7886830}.Release|Any CPU.Build.0 = Release|Any CPU
		{09E041D0-E1BC-467F-B6EF-21DF4C3399AA}.Debug|Any CPU.ActiveCfg = Debug|Any CPU
		{09E041D0-E1BC-467F-B6EF-21DF4C3399AA}.Debug|Any CPU.Build.0 = Debug|Any CPU
		{09E041D0-E1BC-467F-B6EF-21DF4C3399AA}.Release|Any CPU.ActiveCfg = Release|Any CPU
		{09E041D0-E1BC-467F-B6EF-21DF4C3399AA}.Release|Any CPU.Build.0 = Release|Any CPU
	EndGlobalSection
	GlobalSection(SolutionProperties) = preSolution
		HideSolutionNode = FALSE
	EndGlobalSection
	GlobalSection(ExtensibilityGlobals) = postSolution
		SolutionGuid = {C940863A-5E81-4891-B004-56D3A7FB6FC1}
	EndGlobalSection
EndGlobal
